// !$*UTF8*$!
{
	archiveVersion = 1;
	classes = {
	};
	objectVersion = 46;
	objects = {

/* Begin PBXBuildFile section */
		4807010D1F899C03007DA534 /* EjercicioOrdenarVC.swift in Sources */ = {isa = PBXBuildFile; fileRef = 4807010C1F899C03007DA534 /* EjercicioOrdenarVC.swift */; };
		480701111F8F68F7007DA534 /* PalabraCollectionViewCell.swift in Sources */ = {isa = PBXBuildFile; fileRef = 480701101F8F68F7007DA534 /* PalabraCollectionViewCell.swift */; };
		480DEA3F1FF4C5B300939AE1 /* Downloader.swift in Sources */ = {isa = PBXBuildFile; fileRef = 480DEA3E1FF4C5B300939AE1 /* Downloader.swift */; };
		4818A6401F298444003BD339 /* ContenidoMateria.swift in Sources */ = {isa = PBXBuildFile; fileRef = 4818A63F1F298444003BD339 /* ContenidoMateria.swift */; };
		4818A6421F2BB002003BD339 /* PDFWebViewController.swift in Sources */ = {isa = PBXBuildFile; fileRef = 4818A6411F2BB002003BD339 /* PDFWebViewController.swift */; };
		483241FE1F30314B00E360CC /* EjercicioOpMulVC.swift in Sources */ = {isa = PBXBuildFile; fileRef = 483241FD1F30314B00E360CC /* EjercicioOpMulVC.swift */; };
		4853D85F1F23114A008FA029 /* CustomTableViewCell2.xib in Resources */ = {isa = PBXBuildFile; fileRef = 4853D85E1F23114A008FA029 /* CustomTableViewCell2.xib */; };
		4853D8611F23115C008FA029 /* CustomTableViewCell2.swift in Sources */ = {isa = PBXBuildFile; fileRef = 4853D8601F23115C008FA029 /* CustomTableViewCell2.swift */; };
		48557FDE1FBED3BF00CD1A2B /* DLRadioButton.m in Sources */ = {isa = PBXBuildFile; fileRef = 48557FDD1FBED3BF00CD1A2B /* DLRadioButton.m */; };
		4868E7081F70D0FE00135BEE /* Model.xcdatamodeld in Sources */ = {isa = PBXBuildFile; fileRef = 4868E7061F70D0FE00135BEE /* Model.xcdatamodeld */; };
		489096661FAC641800C8AF3E /* EjercicioEscrituraVC.swift in Sources */ = {isa = PBXBuildFile; fileRef = 489096651FAC641800C8AF3E /* EjercicioEscrituraVC.swift */; };
		489096681FAC68DA00C8AF3E /* EjercicioVozVC.swift in Sources */ = {isa = PBXBuildFile; fileRef = 489096671FAC68DA00C8AF3E /* EjercicioVozVC.swift */; };
		48D73E621FBECC3D006D5EEE /* OpcionTableCell.swift in Sources */ = {isa = PBXBuildFile; fileRef = 48D73E611FBECC3D006D5EEE /* OpcionTableCell.swift */; };
		48D73E641FBECC56006D5EEE /* OpcionTableCell.xib in Resources */ = {isa = PBXBuildFile; fileRef = 48D73E631FBECC56006D5EEE /* OpcionTableCell.xib */; };
		48D73E661FBECCD3006D5EEE /* Extensiones.swift in Sources */ = {isa = PBXBuildFile; fileRef = 48D73E651FBECCD3006D5EEE /* Extensiones.swift */; };
		48EF394A1FB99666000325AB /* PreguntaATVC.swift in Sources */ = {isa = PBXBuildFile; fileRef = 48EF39481FB99666000325AB /* PreguntaATVC.swift */; };
		48EF394B1FB99666000325AB /* PreguntaATVC.xib in Resources */ = {isa = PBXBuildFile; fileRef = 48EF39491FB99666000325AB /* PreguntaATVC.xib */; };
		48EF394E1FB9979D000325AB /* PreguntaOMTVC.swift in Sources */ = {isa = PBXBuildFile; fileRef = 48EF394C1FB9979D000325AB /* PreguntaOMTVC.swift */; };
		48EF394F1FB9979D000325AB /* PreguntaOMTVC.xib in Resources */ = {isa = PBXBuildFile; fileRef = 48EF394D1FB9979D000325AB /* PreguntaOMTVC.xib */; };
		48EF39511FB99F23000325AB /* EvaluacionTVC.swift in Sources */ = {isa = PBXBuildFile; fileRef = 48EF39501FB99F23000325AB /* EvaluacionTVC.swift */; };
		48F5BDD51F1C917700242E95 /* AppDelegate.swift in Sources */ = {isa = PBXBuildFile; fileRef = 48F5BDD41F1C917700242E95 /* AppDelegate.swift */; };
		48F5BDD71F1C917700242E95 /* MisMateriasViewController.swift in Sources */ = {isa = PBXBuildFile; fileRef = 48F5BDD61F1C917700242E95 /* MisMateriasViewController.swift */; };
		48F5BDDA1F1C917700242E95 /* Main.storyboard in Resources */ = {isa = PBXBuildFile; fileRef = 48F5BDD81F1C917700242E95 /* Main.storyboard */; };
		48F5BDDC1F1C917700242E95 /* Assets.xcassets in Resources */ = {isa = PBXBuildFile; fileRef = 48F5BDDB1F1C917700242E95 /* Assets.xcassets */; };
		48F5BDDF1F1C917700242E95 /* LaunchScreen.storyboard in Resources */ = {isa = PBXBuildFile; fileRef = 48F5BDDD1F1C917700242E95 /* LaunchScreen.storyboard */; };
		48F5BDE81F1CAE9000242E95 /* CustomTableViewCell.swift in Sources */ = {isa = PBXBuildFile; fileRef = 48F5BDE61F1CAE9000242E95 /* CustomTableViewCell.swift */; };
		48F5BDE91F1CAE9000242E95 /* CustomTableViewCell.xib in Resources */ = {isa = PBXBuildFile; fileRef = 48F5BDE71F1CAE9000242E95 /* CustomTableViewCell.xib */; };
		48F5BDF01F1CB1A500242E95 /* Utils.swift in Sources */ = {isa = PBXBuildFile; fileRef = 48F5BDEF1F1CB1A500242E95 /* Utils.swift */; };
		48F5BDF21F1CB9A900242E95 /* CustomUITableView.swift in Sources */ = {isa = PBXBuildFile; fileRef = 48F5BDF11F1CB9A900242E95 /* CustomUITableView.swift */; };
		48F5BDF41F1D583700242E95 /* MateriasDisponiblesViewController.swift in Sources */ = {isa = PBXBuildFile; fileRef = 48F5BDF31F1D583700242E95 /* MateriasDisponiblesViewController.swift */; };
		48F5BDF61F1D684300242E95 /* MateriaObj.swift in Sources */ = {isa = PBXBuildFile; fileRef = 48F5BDF51F1D684300242E95 /* MateriaObj.swift */; };
		B77A801C1F29164200B73C43 /* UnidadStruct.swift in Sources */ = {isa = PBXBuildFile; fileRef = B77A801B1F29164200B73C43 /* UnidadStruct.swift */; };
		B77A801E1F29191E00B73C43 /* ExpandibleHeaderView.swift in Sources */ = {isa = PBXBuildFile; fileRef = B77A801D1F29191E00B73C43 /* ExpandibleHeaderView.swift */; };
/* End PBXBuildFile section */

/* Begin PBXFileReference section */
		4807010C1F899C03007DA534 /* EjercicioOrdenarVC.swift */ = {isa = PBXFileReference; fileEncoding = 4; lastKnownFileType = sourcecode.swift; path = EjercicioOrdenarVC.swift; sourceTree = "<group>"; };
		480701101F8F68F7007DA534 /* PalabraCollectionViewCell.swift */ = {isa = PBXFileReference; fileEncoding = 4; lastKnownFileType = sourcecode.swift; path = PalabraCollectionViewCell.swift; sourceTree = "<group>"; };
		480DEA3E1FF4C5B300939AE1 /* Downloader.swift */ = {isa = PBXFileReference; lastKnownFileType = sourcecode.swift; path = Downloader.swift; sourceTree = "<group>"; };
		4818A63F1F298444003BD339 /* ContenidoMateria.swift */ = {isa = PBXFileReference; fileEncoding = 4; lastKnownFileType = sourcecode.swift; path = ContenidoMateria.swift; sourceTree = "<group>"; };
		4818A6411F2BB002003BD339 /* PDFWebViewController.swift */ = {isa = PBXFileReference; fileEncoding = 4; lastKnownFileType = sourcecode.swift; path = PDFWebViewController.swift; sourceTree = "<group>"; };
		483241FD1F30314B00E360CC /* EjercicioOpMulVC.swift */ = {isa = PBXFileReference; fileEncoding = 4; lastKnownFileType = sourcecode.swift; path = EjercicioOpMulVC.swift; sourceTree = "<group>"; };
		4853D85E1F23114A008FA029 /* CustomTableViewCell2.xib */ = {isa = PBXFileReference; fileEncoding = 4; lastKnownFileType = file.xib; path = CustomTableViewCell2.xib; sourceTree = "<group>"; };
		4853D8601F23115C008FA029 /* CustomTableViewCell2.swift */ = {isa = PBXFileReference; fileEncoding = 4; lastKnownFileType = sourcecode.swift; path = CustomTableViewCell2.swift; sourceTree = "<group>"; };
		48557FDB1FBED3BE00CD1A2B /* ReforzaTecv1-Bridging-Header.h */ = {isa = PBXFileReference; lastKnownFileType = sourcecode.c.h; path = "ReforzaTecv1-Bridging-Header.h"; sourceTree = "<group>"; };
		48557FDC1FBED3BF00CD1A2B /* DLRadioButton.h */ = {isa = PBXFileReference; fileEncoding = 4; lastKnownFileType = sourcecode.c.h; path = DLRadioButton.h; sourceTree = "<group>"; };
		48557FDD1FBED3BF00CD1A2B /* DLRadioButton.m */ = {isa = PBXFileReference; fileEncoding = 4; lastKnownFileType = sourcecode.c.objc; path = DLRadioButton.m; sourceTree = "<group>"; };
		4868E7071F70D0FE00135BEE /* Model.xcdatamodel */ = {isa = PBXFileReference; lastKnownFileType = wrapper.xcdatamodel; path = Model.xcdatamodel; sourceTree = "<group>"; };
		489096651FAC641800C8AF3E /* EjercicioEscrituraVC.swift */ = {isa = PBXFileReference; lastKnownFileType = sourcecode.swift; path = EjercicioEscrituraVC.swift; sourceTree = "<group>"; };
		489096671FAC68DA00C8AF3E /* EjercicioVozVC.swift */ = {isa = PBXFileReference; lastKnownFileType = sourcecode.swift; path = EjercicioVozVC.swift; sourceTree = "<group>"; };
		48D73E611FBECC3D006D5EEE /* OpcionTableCell.swift */ = {isa = PBXFileReference; fileEncoding = 4; lastKnownFileType = sourcecode.swift; path = OpcionTableCell.swift; sourceTree = "<group>"; };
		48D73E631FBECC56006D5EEE /* OpcionTableCell.xib */ = {isa = PBXFileReference; fileEncoding = 4; lastKnownFileType = file.xib; path = OpcionTableCell.xib; sourceTree = "<group>"; };
		48D73E651FBECCD3006D5EEE /* Extensiones.swift */ = {isa = PBXFileReference; fileEncoding = 4; lastKnownFileType = sourcecode.swift; path = Extensiones.swift; sourceTree = "<group>"; };
		48EF39481FB99666000325AB /* PreguntaATVC.swift */ = {isa = PBXFileReference; lastKnownFileType = sourcecode.swift; path = PreguntaATVC.swift; sourceTree = "<group>"; };
		48EF39491FB99666000325AB /* PreguntaATVC.xib */ = {isa = PBXFileReference; lastKnownFileType = file.xib; path = PreguntaATVC.xib; sourceTree = "<group>"; };
		48EF394C1FB9979D000325AB /* PreguntaOMTVC.swift */ = {isa = PBXFileReference; lastKnownFileType = sourcecode.swift; path = PreguntaOMTVC.swift; sourceTree = "<group>"; };
		48EF394D1FB9979D000325AB /* PreguntaOMTVC.xib */ = {isa = PBXFileReference; lastKnownFileType = file.xib; path = PreguntaOMTVC.xib; sourceTree = "<group>"; };
		48EF39501FB99F23000325AB /* EvaluacionTVC.swift */ = {isa = PBXFileReference; lastKnownFileType = sourcecode.swift; path = EvaluacionTVC.swift; sourceTree = "<group>"; };
		48F5BDD11F1C917700242E95 /* ReforzaTEC.app */ = {isa = PBXFileReference; explicitFileType = wrapper.application; includeInIndex = 0; path = ReforzaTEC.app; sourceTree = BUILT_PRODUCTS_DIR; };
		48F5BDD41F1C917700242E95 /* AppDelegate.swift */ = {isa = PBXFileReference; lastKnownFileType = sourcecode.swift; path = AppDelegate.swift; sourceTree = "<group>"; };
		48F5BDD61F1C917700242E95 /* MisMateriasViewController.swift */ = {isa = PBXFileReference; lastKnownFileType = sourcecode.swift; path = MisMateriasViewController.swift; sourceTree = "<group>"; };
		48F5BDD91F1C917700242E95 /* Base */ = {isa = PBXFileReference; lastKnownFileType = file.storyboard; name = Base; path = Base.lproj/Main.storyboard; sourceTree = "<group>"; };
		48F5BDDB1F1C917700242E95 /* Assets.xcassets */ = {isa = PBXFileReference; lastKnownFileType = folder.assetcatalog; path = Assets.xcassets; sourceTree = "<group>"; };
		48F5BDDE1F1C917700242E95 /* Base */ = {isa = PBXFileReference; lastKnownFileType = file.storyboard; name = Base; path = Base.lproj/LaunchScreen.storyboard; sourceTree = "<group>"; };
		48F5BDE01F1C917700242E95 /* Info.plist */ = {isa = PBXFileReference; lastKnownFileType = text.plist.xml; path = Info.plist; sourceTree = "<group>"; };
		48F5BDE61F1CAE9000242E95 /* CustomTableViewCell.swift */ = {isa = PBXFileReference; fileEncoding = 4; lastKnownFileType = sourcecode.swift; path = CustomTableViewCell.swift; sourceTree = "<group>"; };
		48F5BDE71F1CAE9000242E95 /* CustomTableViewCell.xib */ = {isa = PBXFileReference; fileEncoding = 4; lastKnownFileType = file.xib; path = CustomTableViewCell.xib; sourceTree = "<group>"; };
		48F5BDEF1F1CB1A500242E95 /* Utils.swift */ = {isa = PBXFileReference; fileEncoding = 4; lastKnownFileType = sourcecode.swift; path = Utils.swift; sourceTree = "<group>"; };
		48F5BDF11F1CB9A900242E95 /* CustomUITableView.swift */ = {isa = PBXFileReference; fileEncoding = 4; lastKnownFileType = sourcecode.swift; path = CustomUITableView.swift; sourceTree = "<group>"; };
		48F5BDF31F1D583700242E95 /* MateriasDisponiblesViewController.swift */ = {isa = PBXFileReference; fileEncoding = 4; lastKnownFileType = sourcecode.swift; path = MateriasDisponiblesViewController.swift; sourceTree = "<group>"; };
		48F5BDF51F1D684300242E95 /* MateriaObj.swift */ = {isa = PBXFileReference; fileEncoding = 4; lastKnownFileType = sourcecode.swift; path = MateriaObj.swift; sourceTree = "<group>"; };
		B77A801B1F29164200B73C43 /* UnidadStruct.swift */ = {isa = PBXFileReference; fileEncoding = 4; lastKnownFileType = sourcecode.swift; path = UnidadStruct.swift; sourceTree = "<group>"; };
		B77A801D1F29191E00B73C43 /* ExpandibleHeaderView.swift */ = {isa = PBXFileReference; fileEncoding = 4; lastKnownFileType = sourcecode.swift; path = ExpandibleHeaderView.swift; sourceTree = "<group>"; };
/* End PBXFileReference section */

/* Begin PBXFrameworksBuildPhase section */
		48F5BDCE1F1C917700242E95 /* Frameworks */ = {
			isa = PBXFrameworksBuildPhase;
			buildActionMask = 2147483647;
			files = (
			);
			runOnlyForDeploymentPostprocessing = 0;
		};
/* End PBXFrameworksBuildPhase section */

/* Begin PBXGroup section */
		48D82D131FBC827B00B15E61 /* Evaluacion */ = {
			isa = PBXGroup;
			children = (
				48EF39501FB99F23000325AB /* EvaluacionTVC.swift */,
				48EF39481FB99666000325AB /* PreguntaATVC.swift */,
				48EF39491FB99666000325AB /* PreguntaATVC.xib */,
				48557FDC1FBED3BF00CD1A2B /* DLRadioButton.h */,
				48557FDD1FBED3BF00CD1A2B /* DLRadioButton.m */,
				48EF394C1FB9979D000325AB /* PreguntaOMTVC.swift */,
				48EF394D1FB9979D000325AB /* PreguntaOMTVC.xib */,
				48557FDB1FBED3BE00CD1A2B /* ReforzaTecv1-Bridging-Header.h */,
			);
			path = Evaluacion;
			sourceTree = "<group>";
		};
		48E367C81F342E5300E3379A /* Ejercicios */ = {
			isa = PBXGroup;
			children = (
				489096651FAC641800C8AF3E /* EjercicioEscrituraVC.swift */,
				489096671FAC68DA00C8AF3E /* EjercicioVozVC.swift */,
				4807010C1F899C03007DA534 /* EjercicioOrdenarVC.swift */,
				483241FD1F30314B00E360CC /* EjercicioOpMulVC.swift */,
				48D73E631FBECC56006D5EEE /* OpcionTableCell.xib */,
				48D73E611FBECC3D006D5EEE /* OpcionTableCell.swift */,
			);
			name = Ejercicios;
			sourceTree = "<group>";
		};
		48E367C91F342E9C00E3379A /* Contenido */ = {
			isa = PBXGroup;
			children = (
				48D82D131FBC827B00B15E61 /* Evaluacion */,
				4818A63F1F298444003BD339 /* ContenidoMateria.swift */,
				B77A801D1F29191E00B73C43 /* ExpandibleHeaderView.swift */,
				4818A6411F2BB002003BD339 /* PDFWebViewController.swift */,
				48E367C81F342E5300E3379A /* Ejercicios */,
			);
			name = Contenido;
			sourceTree = "<group>";
		};
		48F5BDC81F1C917700242E95 = {
			isa = PBXGroup;
			children = (
				48F5BDD21F1C917700242E95 /* Products */,
				48F5BDD31F1C917700242E95 /* ReforzaTEC */,
			);
			sourceTree = "<group>";
		};
		48F5BDD21F1C917700242E95 /* Products */ = {
			isa = PBXGroup;
			children = (
				48F5BDD11F1C917700242E95 /* ReforzaTEC.app */,
			);
			name = Products;
			sourceTree = "<group>";
		};
		48F5BDD31F1C917700242E95 /* ReforzaTEC */ = {
			isa = PBXGroup;
			children = (
				48E367C91F342E9C00E3379A /* Contenido */,
				48F5BDD41F1C917700242E95 /* AppDelegate.swift */,
				4868E7061F70D0FE00135BEE /* Model.xcdatamodeld */,
				48F5BDDB1F1C917700242E95 /* Assets.xcassets */,
				48F5BDE61F1CAE9000242E95 /* CustomTableViewCell.swift */,
				48F5BDE71F1CAE9000242E95 /* CustomTableViewCell.xib */,
				480DEA3E1FF4C5B300939AE1 /* Downloader.swift */,
				4853D8601F23115C008FA029 /* CustomTableViewCell2.swift */,
				4853D85E1F23114A008FA029 /* CustomTableViewCell2.xib */,
				48F5BDF11F1CB9A900242E95 /* CustomUITableView.swift */,
				48F5BDE01F1C917700242E95 /* Info.plist */,
				48F5BDDD1F1C917700242E95 /* LaunchScreen.storyboard */,
				48F5BDD81F1C917700242E95 /* Main.storyboard */,
				480701101F8F68F7007DA534 /* PalabraCollectionViewCell.swift */,
				48D73E651FBECCD3006D5EEE /* Extensiones.swift */,
				48F5BDF51F1D684300242E95 /* MateriaObj.swift */,
				48F5BDF31F1D583700242E95 /* MateriasDisponiblesViewController.swift */,
				48F5BDD61F1C917700242E95 /* MisMateriasViewController.swift */,
				B77A801B1F29164200B73C43 /* UnidadStruct.swift */,
				48F5BDEF1F1CB1A500242E95 /* Utils.swift */,
			);
			path = ReforzaTEC;
			sourceTree = "<group>";
		};
/* End PBXGroup section */

/* Begin PBXNativeTarget section */
		48F5BDD01F1C917700242E95 /* ReforzaTEC */ = {
			isa = PBXNativeTarget;
			buildConfigurationList = 48F5BDE31F1C917700242E95 /* Build configuration list for PBXNativeTarget "ReforzaTEC" */;
			buildPhases = (
				48F5BDCD1F1C917700242E95 /* Sources */,
				48F5BDCE1F1C917700242E95 /* Frameworks */,
				48F5BDCF1F1C917700242E95 /* Resources */,
			);
			buildRules = (
			);
			dependencies = (
			);
			name = ReforzaTEC;
			productName = ReforzaTecv1;
			productReference = 48F5BDD11F1C917700242E95 /* ReforzaTEC.app */;
			productType = "com.apple.product-type.application";
		};
/* End PBXNativeTarget section */

/* Begin PBXProject section */
		48F5BDC91F1C917700242E95 /* Project object */ = {
			isa = PBXProject;
			attributes = {
				LastSwiftUpdateCheck = 0830;
				LastUpgradeCheck = 0940;
				ORGANIZATIONNAME = TecUruapan;
				TargetAttributes = {
					48F5BDD01F1C917700242E95 = {
						CreatedOnToolsVersion = 8.3.3;
						DevelopmentTeam = M7Y52ZL7CS;
						LastSwiftMigration = 0900;
						ProvisioningStyle = Automatic;
					};
				};
			};
			buildConfigurationList = 48F5BDCC1F1C917700242E95 /* Build configuration list for PBXProject "ReforzaTEC" */;
			compatibilityVersion = "Xcode 3.2";
			developmentRegion = English;
			hasScannedForEncodings = 0;
			knownRegions = (
				en,
				Base,
			);
			mainGroup = 48F5BDC81F1C917700242E95;
			productRefGroup = 48F5BDD21F1C917700242E95 /* Products */;
			projectDirPath = "";
			projectRoot = "";
			targets = (
				48F5BDD01F1C917700242E95 /* ReforzaTEC */,
			);
		};
/* End PBXProject section */

/* Begin PBXResourcesBuildPhase section */
		48F5BDCF1F1C917700242E95 /* Resources */ = {
			isa = PBXResourcesBuildPhase;
			buildActionMask = 2147483647;
			files = (
				48F5BDDF1F1C917700242E95 /* LaunchScreen.storyboard in Resources */,
				48F5BDDC1F1C917700242E95 /* Assets.xcassets in Resources */,
				48EF394F1FB9979D000325AB /* PreguntaOMTVC.xib in Resources */,
				4853D85F1F23114A008FA029 /* CustomTableViewCell2.xib in Resources */,
				48EF394B1FB99666000325AB /* PreguntaATVC.xib in Resources */,
				48D73E641FBECC56006D5EEE /* OpcionTableCell.xib in Resources */,
				48F5BDE91F1CAE9000242E95 /* CustomTableViewCell.xib in Resources */,
				48F5BDDA1F1C917700242E95 /* Main.storyboard in Resources */,
			);
			runOnlyForDeploymentPostprocessing = 0;
		};
/* End PBXResourcesBuildPhase section */

/* Begin PBXSourcesBuildPhase section */
		48F5BDCD1F1C917700242E95 /* Sources */ = {
			isa = PBXSourcesBuildPhase;
			buildActionMask = 2147483647;
			files = (
				48EF394A1FB99666000325AB /* PreguntaATVC.swift in Sources */,
				489096681FAC68DA00C8AF3E /* EjercicioVozVC.swift in Sources */,
				48EF39511FB99F23000325AB /* EvaluacionTVC.swift in Sources */,
				483241FE1F30314B00E360CC /* EjercicioOpMulVC.swift in Sources */,
				48F5BDF21F1CB9A900242E95 /* CustomUITableView.swift in Sources */,
				48F5BDF41F1D583700242E95 /* MateriasDisponiblesViewController.swift in Sources */,
				B77A801E1F29191E00B73C43 /* ExpandibleHeaderView.swift in Sources */,
				48F5BDE81F1CAE9000242E95 /* CustomTableViewCell.swift in Sources */,
				480DEA3F1FF4C5B300939AE1 /* Downloader.swift in Sources */,
				480701111F8F68F7007DA534 /* PalabraCollectionViewCell.swift in Sources */,
				48D73E661FBECCD3006D5EEE /* Extensiones.swift in Sources */,
				4818A6421F2BB002003BD339 /* PDFWebViewController.swift in Sources */,
				48F5BDD71F1C917700242E95 /* MisMateriasViewController.swift in Sources */,
				B77A801C1F29164200B73C43 /* UnidadStruct.swift in Sources */,
				48557FDE1FBED3BF00CD1A2B /* DLRadioButton.m in Sources */,
				48D73E621FBECC3D006D5EEE /* OpcionTableCell.swift in Sources */,
				4818A6401F298444003BD339 /* ContenidoMateria.swift in Sources */,
				48EF394E1FB9979D000325AB /* PreguntaOMTVC.swift in Sources */,
				4868E7081F70D0FE00135BEE /* Model.xcdatamodeld in Sources */,
				489096661FAC641800C8AF3E /* EjercicioEscrituraVC.swift in Sources */,
				4807010D1F899C03007DA534 /* EjercicioOrdenarVC.swift in Sources */,
				48F5BDF61F1D684300242E95 /* MateriaObj.swift in Sources */,
				4853D8611F23115C008FA029 /* CustomTableViewCell2.swift in Sources */,
				48F5BDD51F1C917700242E95 /* AppDelegate.swift in Sources */,
				48F5BDF01F1CB1A500242E95 /* Utils.swift in Sources */,
			);
			runOnlyForDeploymentPostprocessing = 0;
		};
/* End PBXSourcesBuildPhase section */

/* Begin PBXVariantGroup section */
		48F5BDD81F1C917700242E95 /* Main.storyboard */ = {
			isa = PBXVariantGroup;
			children = (
				48F5BDD91F1C917700242E95 /* Base */,
			);
			name = Main.storyboard;
			sourceTree = "<group>";
		};
		48F5BDDD1F1C917700242E95 /* LaunchScreen.storyboard */ = {
			isa = PBXVariantGroup;
			children = (
				48F5BDDE1F1C917700242E95 /* Base */,
			);
			name = LaunchScreen.storyboard;
			sourceTree = "<group>";
		};
/* End PBXVariantGroup section */

/* Begin XCBuildConfiguration section */
		48F5BDE11F1C917700242E95 /* Debug */ = {
			isa = XCBuildConfiguration;
			buildSettings = {
				ALWAYS_EMBED_SWIFT_STANDARD_LIBRARIES = NO;
				ALWAYS_SEARCH_USER_PATHS = YES;
				CLANG_ANALYZER_NONNULL = YES;
				CLANG_ANALYZER_NUMBER_OBJECT_CONVERSION = YES_AGGRESSIVE;
				CLANG_CXX_LANGUAGE_STANDARD = "gnu++0x";
				CLANG_CXX_LIBRARY = "libc++";
				CLANG_ENABLE_MODULES = YES;
				CLANG_ENABLE_OBJC_ARC = YES;
				CLANG_WARN_BLOCK_CAPTURE_AUTORELEASING = YES;
				CLANG_WARN_BOOL_CONVERSION = YES;
				CLANG_WARN_COMMA = YES;
				CLANG_WARN_CONSTANT_CONVERSION = YES;
				CLANG_WARN_DEPRECATED_OBJC_IMPLEMENTATIONS = YES;
				CLANG_WARN_DIRECT_OBJC_ISA_USAGE = YES_ERROR;
				CLANG_WARN_DOCUMENTATION_COMMENTS = YES;
				CLANG_WARN_EMPTY_BODY = YES;
				CLANG_WARN_ENUM_CONVERSION = YES;
				CLANG_WARN_INFINITE_RECURSION = YES;
				CLANG_WARN_INT_CONVERSION = YES;
				CLANG_WARN_NON_LITERAL_NULL_CONVERSION = YES;
				CLANG_WARN_OBJC_IMPLICIT_RETAIN_SELF = YES;
				CLANG_WARN_OBJC_LITERAL_CONVERSION = YES;
				CLANG_WARN_OBJC_ROOT_CLASS = YES_ERROR;
				CLANG_WARN_RANGE_LOOP_ANALYSIS = YES;
				CLANG_WARN_STRICT_PROTOTYPES = YES;
				CLANG_WARN_SUSPICIOUS_MOVE = YES;
				CLANG_WARN_UNREACHABLE_CODE = YES;
				CLANG_WARN__DUPLICATE_METHOD_MATCH = YES;
				"CODE_SIGN_IDENTITY[sdk=iphoneos*]" = "iPhone Developer";
				COPY_PHASE_STRIP = NO;
				DEBUG_INFORMATION_FORMAT = dwarf;
				ENABLE_STRICT_OBJC_MSGSEND = YES;
				ENABLE_TESTABILITY = YES;
				GCC_C_LANGUAGE_STANDARD = gnu99;
				GCC_DYNAMIC_NO_PIC = NO;
				GCC_NO_COMMON_BLOCKS = YES;
				GCC_OPTIMIZATION_LEVEL = 0;
				GCC_PREPROCESSOR_DEFINITIONS = (
					"DEBUG=1",
					"$(inherited)",
				);
				GCC_WARN_64_TO_32_BIT_CONVERSION = YES;
				GCC_WARN_ABOUT_RETURN_TYPE = YES_ERROR;
				GCC_WARN_UNDECLARED_SELECTOR = YES;
				GCC_WARN_UNINITIALIZED_AUTOS = YES_AGGRESSIVE;
				GCC_WARN_UNUSED_FUNCTION = YES;
				GCC_WARN_UNUSED_VARIABLE = YES;
				IPHONEOS_DEPLOYMENT_TARGET = 10.3;
				MTL_ENABLE_DEBUG_INFO = YES;
				ONLY_ACTIVE_ARCH = YES;
				SDKROOT = iphoneos;
				SWIFT_ACTIVE_COMPILATION_CONDITIONS = DEBUG;
				SWIFT_OPTIMIZATION_LEVEL = "-Onone";
			};
			name = Debug;
		};
		48F5BDE21F1C917700242E95 /* Release */ = {
			isa = XCBuildConfiguration;
			buildSettings = {
				ALWAYS_EMBED_SWIFT_STANDARD_LIBRARIES = NO;
				ALWAYS_SEARCH_USER_PATHS = YES;
				CLANG_ANALYZER_NONNULL = YES;
				CLANG_ANALYZER_NUMBER_OBJECT_CONVERSION = YES_AGGRESSIVE;
				CLANG_CXX_LANGUAGE_STANDARD = "gnu++0x";
				CLANG_CXX_LIBRARY = "libc++";
				CLANG_ENABLE_MODULES = YES;
				CLANG_ENABLE_OBJC_ARC = YES;
				CLANG_WARN_BLOCK_CAPTURE_AUTORELEASING = YES;
				CLANG_WARN_BOOL_CONVERSION = YES;
				CLANG_WARN_COMMA = YES;
				CLANG_WARN_CONSTANT_CONVERSION = YES;
				CLANG_WARN_DEPRECATED_OBJC_IMPLEMENTATIONS = YES;
				CLANG_WARN_DIRECT_OBJC_ISA_USAGE = YES_ERROR;
				CLANG_WARN_DOCUMENTATION_COMMENTS = YES;
				CLANG_WARN_EMPTY_BODY = YES;
				CLANG_WARN_ENUM_CONVERSION = YES;
				CLANG_WARN_INFINITE_RECURSION = YES;
				CLANG_WARN_INT_CONVERSION = YES;
				CLANG_WARN_NON_LITERAL_NULL_CONVERSION = YES;
				CLANG_WARN_OBJC_IMPLICIT_RETAIN_SELF = YES;
				CLANG_WARN_OBJC_LITERAL_CONVERSION = YES;
				CLANG_WARN_OBJC_ROOT_CLASS = YES_ERROR;
				CLANG_WARN_RANGE_LOOP_ANALYSIS = YES;
				CLANG_WARN_STRICT_PROTOTYPES = YES;
				CLANG_WARN_SUSPICIOUS_MOVE = YES;
				CLANG_WARN_UNREACHABLE_CODE = YES;
				CLANG_WARN__DUPLICATE_METHOD_MATCH = YES;
				"CODE_SIGN_IDENTITY[sdk=iphoneos*]" = "iPhone Developer";
				COPY_PHASE_STRIP = NO;
				DEBUG_INFORMATION_FORMAT = "dwarf-with-dsym";
				ENABLE_NS_ASSERTIONS = NO;
				ENABLE_STRICT_OBJC_MSGSEND = YES;
				GCC_C_LANGUAGE_STANDARD = gnu99;
				GCC_NO_COMMON_BLOCKS = YES;
				GCC_WARN_64_TO_32_BIT_CONVERSION = YES;
				GCC_WARN_ABOUT_RETURN_TYPE = YES_ERROR;
				GCC_WARN_UNDECLARED_SELECTOR = YES;
				GCC_WARN_UNINITIALIZED_AUTOS = YES_AGGRESSIVE;
				GCC_WARN_UNUSED_FUNCTION = YES;
				GCC_WARN_UNUSED_VARIABLE = YES;
				IPHONEOS_DEPLOYMENT_TARGET = 10.3;
				MTL_ENABLE_DEBUG_INFO = NO;
				SDKROOT = iphoneos;
				SWIFT_OPTIMIZATION_LEVEL = "-Owholemodule";
				VALIDATE_PRODUCT = YES;
			};
			name = Release;
		};
		48F5BDE41F1C917700242E95 /* Debug */ = {
			isa = XCBuildConfiguration;
			buildSettings = {
				ALWAYS_EMBED_SWIFT_STANDARD_LIBRARIES = NO;
				ASSETCATALOG_COMPILER_APPICON_NAME = AppIcon;
				CLANG_ENABLE_MODULES = YES;
				DEVELOPMENT_TEAM = M7Y52ZL7CS;
				FRAMEWORK_SEARCH_PATHS = (
					"$(inherited)",
					"$(PROJECT_DIR)/ReforzaTecv1/Evaluacion",
				);
				INFOPLIST_FILE = ReforzaTEC/Info.plist;
				LD_RUNPATH_SEARCH_PATHS = "$(inherited) @executable_path/Frameworks";
				PRODUCT_BUNDLE_IDENTIFIER = appsmoviles.ReforzaTEC;
				PRODUCT_NAME = "$(TARGET_NAME)";
				SWIFT_OBJC_BRIDGING_HEADER = "ReforzaTEC/Evaluacion/ReforzaTecv1-Bridging-Header.h";
				SWIFT_OPTIMIZATION_LEVEL = "-Onone";
				SWIFT_SWIFT3_OBJC_INFERENCE = On;
				SWIFT_VERSION = 4.0;
			};
			name = Debug;
		};
		48F5BDE51F1C917700242E95 /* Release */ = {
			isa = XCBuildConfiguration;
			buildSettings = {
				ALWAYS_EMBED_SWIFT_STANDARD_LIBRARIES = NO;
				ASSETCATALOG_COMPILER_APPICON_NAME = AppIcon;
				CLANG_ENABLE_MODULES = YES;
				DEVELOPMENT_TEAM = M7Y52ZL7CS;
				FRAMEWORK_SEARCH_PATHS = (
					"$(inherited)",
					"$(PROJECT_DIR)/ReforzaTecv1/Evaluacion",
				);
				INFOPLIST_FILE = ReforzaTEC/Info.plist;
				LD_RUNPATH_SEARCH_PATHS = "$(inherited) @executable_path/Frameworks";
				PRODUCT_BUNDLE_IDENTIFIER = appsmoviles.ReforzaTEC;
				PRODUCT_NAME = "$(TARGET_NAME)";
				SWIFT_OBJC_BRIDGING_HEADER = "ReforzaTEC/Evaluacion/ReforzaTecv1-Bridging-Header.h";
				SWIFT_SWIFT3_OBJC_INFERENCE = On;
				SWIFT_VERSION = 4.0;
			};
			name = Release;
		};
/* End XCBuildConfiguration section */

/* Begin XCConfigurationList section */
		48F5BDCC1F1C917700242E95 /* Build configuration list for PBXProject "ReforzaTEC" */ = {
			isa = XCConfigurationList;
			buildConfigurations = (
				48F5BDE11F1C917700242E95 /* Debug */,
				48F5BDE21F1C917700242E95 /* Release */,
			);
			defaultConfigurationIsVisible = 0;
			defaultConfigurationName = Release;
		};
		48F5BDE31F1C917700242E95 /* Build configuration list for PBXNativeTarget "ReforzaTEC" */ = {
			isa = XCConfigurationList;
			buildConfigurations = (
				48F5BDE41F1C917700242E95 /* Debug */,
				48F5BDE51F1C917700242E95 /* Release */,
			);
			defaultConfigurationIsVisible = 0;
			defaultConfigurationName = Release;
		};
/* End XCConfigurationList section */

/* Begin XCVersionGroup section */
		4868E7061F70D0FE00135BEE /* Model.xcdatamodeld */ = {
			isa = XCVersionGroup;
			children = (
				4868E7071F70D0FE00135BEE /* Model.xcdatamodel */,
			);
			currentVersion = 4868E7071F70D0FE00135BEE /* Model.xcdatamodel */;
			path = Model.xcdatamodeld;
			sourceTree = "<group>";
			versionGroupType = wrapper.xcdatamodel;
		};
/* End XCVersionGroup section */
	};
	rootObject = 48F5BDC91F1C917700242E95 /* Project object */;
}
